
Microsoft Visual Studio Solution File, Format Version 12.00
# Visual Studio Version 17
VisualStudioVersion = 17.10.35122.118
MinimumVisualStudioVersion = 10.0.40219.1
Project("{8BC9CEB8-8B4A-11D0-8D11-00A0C91BC942}") = "vac-dumper", "vac-dumper\vac-dumper.vcxproj", "{0E88D7DE-886D-4D1B-9FCE-32134361B829}"
EndProject
Global
	GlobalSection(SolutionConfigurationPlatforms) = preSolution
		Debug|x64 = Debug|x64
		Debug|x86 = Debug|x86
		Release|x64 = Release|x64
		Release|x86 = Release|x86
	EndGlobalSection
	GlobalSection(ProjectConfigurationPlatforms) = postSolution
		{0E88D7DE-886D-4D1B-9FCE-32134361B829}.Debug|x64.ActiveCfg = Debug|x64
		{0E88D7DE-886D-4D1B-9FCE-32134361B829}.Debug|x64.Build.0 = Debug|x64
		{0E88D7DE-886D-4D1B-9FCE-32134361B829}.Debug|x86.ActiveCfg = Debug|Win32
		{0E88D7DE-886D-4D1B-9FCE-32134361B829}.Debug|x86.Build.0 = Debug|Win32
		{0E88D7DE-886D-4D1B-9FCE-32134361B829}.Release|x64.ActiveCfg = Release|x64
		{0E88D7DE-886D-4D1B-9FCE-32134361B829}.Release|x64.Build.0 = Release|x64
		{0E88D7DE-886D-4D1B-9FCE-32134361B829}.Release|x86.ActiveCfg = Release|Win32
		{0E88D7DE-886D-4D1B-9FCE-32134361B829}.Release|x86.Build.0 = Release|Win32
	EndGlobalSection
	GlobalSection(SolutionProperties) = preSolution
		HideSolutionNode = FALSE
	EndGlobalSection
	GlobalSection(ExtensibilityGlobals) = postSolution
		SolutionGuid = {6001FB73-5C9E-492B-8E84-4C9E8F41FD51}
	EndGlobalSection
EndGlobal
